
Microsoft Visual Studio Solution File, Format Version 10.00
# Visual Studio 2008
Project("{FAE04EC0-301F-11D3-BF4B-00C04F79EFBC}") = "ContentEditor", "ContentEditor\ContentEditor.csproj", "{1F818CE4-F6D7-4997-B980-8D8A11DA9634}"
EndProject
Global
	GlobalSection(SolutionConfigurationPlatforms) = preSolution
		Debug|Any CPU = Debug|Any CPU
		Release|Any CPU = Release|Any CPU
	EndGlobalSection
	GlobalSection(ProjectConfigurationPlatforms) = postSolution
		{1F818CE4-F6D7-4997-B980-8D8A11DA9634}.Debug|Any CPU.ActiveCfg = Debug|Any CPU
		{1F818CE4-F6D7-4997-B980-8D8A11DA9634}.Debug|Any CPU.Build.0 = Debug|Any CPU
		{1F818CE4-F6D7-4997-B980-8D8A11DA9634}.Release|Any CPU.ActiveCfg = Release|Any CPU
		{1F818CE4-F6D7-4997-B980-8D8A11DA9634}.Release|Any CPU.Build.0 = Release|Any CPU
	EndGlobalSection
	GlobalSection(SolutionProperties) = preSolution
		HideSolutionNode = FALSE
	EndGlobalSection
EndGlobal
